# generated by rye
# use `rye lock` or `rye sync` to update this lockfile
#
# last locked with the following flags:
#   pre: false
#   features: []
#   all-features: false
#   with-sources: false
#   generate-hashes: false
#   universal: false

-e file:.
aiofiles==24.1.0
    # via rossum-api
anyio==4.8.0
    # via httpx
certifi==2025.1.31
    # via httpcore
    # via httpx
    # via requests
charset-normalizer==3.4.1
    # via requests
dacite==1.9.2
    # via rossum-api
h11==0.14.0
    # via httpcore
httpcore==1.0.7
    # via httpx
httpx==0.28.1
    # via rossum-api
idna==3.10
    # via anyio
    # via httpx
    # via requests
inflect==7.5.0
    # via rossum-api
more-itertools==10.6.0
    # via inflect
pycurl==7.45.4
    # via rossum-test
python-dotenv==1.0.1
    # via rossum-test
requests==2.32.3
    # via rossum-test
rossum-api @ git+https://github.com/rossumai/rossum-sdk@f4c999b311d1f011227073949ef252f124e726a9
    # via rossum-test
sniffio==1.3.1
    # via anyio
tenacity==9.0.0
    # via rossum-api
typeguard==4.4.2
    # via inflect
typing-extensions==4.12.2
    # via anyio
    # via typeguard
urllib3==2.3.0
    # via requests
